
Microsoft Visual Studio Solution File, Format Version 12.00
# Visual Studio Version 17
VisualStudioVersion = 17.7.34009.444
MinimumVisualStudioVersion = 10.0.40219.1
Project("{9A19103F-16F7-4668-BE54-9A1E7A4F7556}") = "01. Even Lines", "01. Even Lines\01. Even Lines.csproj", "{3794CE6F-FCED-4611-BA9F-3725AD5E0B20}"
EndProject
Project("{9A19103F-16F7-4668-BE54-9A1E7A4F7556}") = "02. Line Numbers", "02. Line Numbers\02. Line Numbers.csproj", "{29F61D97-0D22-4EE7-923B-35400F22ADB6}"
EndProject
Project("{9A19103F-16F7-4668-BE54-9A1E7A4F7556}") = "03. Copy Binary File", "03. Copy Binary File\03. Copy Binary File.csproj", "{C1439902-4594-4BBE-8C3B-D69CAD035A48}"
EndProject
Project("{9A19103F-16F7-4668-BE54-9A1E7A4F7556}") = "demo", "demo\demo.csproj", "{C941E977-883F-44D1-B40F-9D7FAD8203B6}"
EndProject
Project("{9A19103F-16F7-4668-BE54-9A1E7A4F7556}") = "04. Directory Traversal", "04. Directory Traversal\04. Directory Traversal.csproj", "{6FE90AFE-8D7D-4351-B877-F26AC73EC282}"
EndProject
Project("{9A19103F-16F7-4668-BE54-9A1E7A4F7556}") = "demoForBadLookingCode", "demoForBadLookingCode\demoForBadLookingCode.csproj", "{53AD9B15-581E-42D0-A708-0297FEF4FA6E}"
EndProject
Project("{FAE04EC0-301F-11D3-BF4B-00C04F79EFBC}") = "05. Copy Directory", "05. Copy Directory\05. Copy Directory.csproj", "{C88B6598-D1E4-4C4A-988D-864CF2680814}"
EndProject
Project("{FAE04EC0-301F-11D3-BF4B-00C04F79EFBC}") = "05. CopyDirectory", "05. CopyDirectory\05. CopyDirectory.csproj", "{1DA5DCC5-E21D-4CB9-922C-F525483F3261}"
EndProject
Global
	GlobalSection(SolutionConfigurationPlatforms) = preSolution
		Debug|Any CPU = Debug|Any CPU
		Release|Any CPU = Release|Any CPU
	EndGlobalSection
	GlobalSection(ProjectConfigurationPlatforms) = postSolution
		{3794CE6F-FCED-4611-BA9F-3725AD5E0B20}.Debug|Any CPU.ActiveCfg = Debug|Any CPU
		{3794CE6F-FCED-4611-BA9F-3725AD5E0B20}.Debug|Any CPU.Build.0 = Debug|Any CPU
		{3794CE6F-FCED-4611-BA9F-3725AD5E0B20}.Release|Any CPU.ActiveCfg = Release|Any CPU
		{3794CE6F-FCED-4611-BA9F-3725AD5E0B20}.Release|Any CPU.Build.0 = Release|Any CPU
		{29F61D97-0D22-4EE7-923B-35400F22ADB6}.Debug|Any CPU.ActiveCfg = Debug|Any CPU
		{29F61D97-0D22-4EE7-923B-35400F22ADB6}.Debug|Any CPU.Build.0 = Debug|Any CPU
		{29F61D97-0D22-4EE7-923B-35400F22ADB6}.Release|Any CPU.ActiveCfg = Release|Any CPU
		{29F61D97-0D22-4EE7-923B-35400F22ADB6}.Release|Any CPU.Build.0 = Release|Any CPU
		{C1439902-4594-4BBE-8C3B-D69CAD035A48}.Debug|Any CPU.ActiveCfg = Debug|Any CPU
		{C1439902-4594-4BBE-8C3B-D69CAD035A48}.Debug|Any CPU.Build.0 = Debug|Any CPU
		{C1439902-4594-4BBE-8C3B-D69CAD035A48}.Release|Any CPU.ActiveCfg = Release|Any CPU
		{C1439902-4594-4BBE-8C3B-D69CAD035A48}.Release|Any CPU.Build.0 = Release|Any CPU
		{C941E977-883F-44D1-B40F-9D7FAD8203B6}.Debug|Any CPU.ActiveCfg = Debug|Any CPU
		{C941E977-883F-44D1-B40F-9D7FAD8203B6}.Debug|Any CPU.Build.0 = Debug|Any CPU
		{C941E977-883F-44D1-B40F-9D7FAD8203B6}.Release|Any CPU.ActiveCfg = Release|Any CPU
		{C941E977-883F-44D1-B40F-9D7FAD8203B6}.Release|Any CPU.Build.0 = Release|Any CPU
		{6FE90AFE-8D7D-4351-B877-F26AC73EC282}.Debug|Any CPU.ActiveCfg = Debug|Any CPU
		{6FE90AFE-8D7D-4351-B877-F26AC73EC282}.Debug|Any CPU.Build.0 = Debug|Any CPU
		{6FE90AFE-8D7D-4351-B877-F26AC73EC282}.Release|Any CPU.ActiveCfg = Release|Any CPU
		{6FE90AFE-8D7D-4351-B877-F26AC73EC282}.Release|Any CPU.Build.0 = Release|Any CPU
		{53AD9B15-581E-42D0-A708-0297FEF4FA6E}.Debug|Any CPU.ActiveCfg = Debug|Any CPU
		{53AD9B15-581E-42D0-A708-0297FEF4FA6E}.Debug|Any CPU.Build.0 = Debug|Any CPU
		{53AD9B15-581E-42D0-A708-0297FEF4FA6E}.Release|Any CPU.ActiveCfg = Release|Any CPU
		{53AD9B15-581E-42D0-A708-0297FEF4FA6E}.Release|Any CPU.Build.0 = Release|Any CPU
		{C88B6598-D1E4-4C4A-988D-864CF2680814}.Debug|Any CPU.ActiveCfg = Debug|Any CPU
		{C88B6598-D1E4-4C4A-988D-864CF2680814}.Debug|Any CPU.Build.0 = Debug|Any CPU
		{C88B6598-D1E4-4C4A-988D-864CF2680814}.Release|Any CPU.ActiveCfg = Release|Any CPU
		{C88B6598-D1E4-4C4A-988D-864CF2680814}.Release|Any CPU.Build.0 = Release|Any CPU
		{1DA5DCC5-E21D-4CB9-922C-F525483F3261}.Debug|Any CPU.ActiveCfg = Debug|Any CPU
		{1DA5DCC5-E21D-4CB9-922C-F525483F3261}.Debug|Any CPU.Build.0 = Debug|Any CPU
		{1DA5DCC5-E21D-4CB9-922C-F525483F3261}.Release|Any CPU.ActiveCfg = Release|Any CPU
		{1DA5DCC5-E21D-4CB9-922C-F525483F3261}.Release|Any CPU.Build.0 = Release|Any CPU
	EndGlobalSection
	GlobalSection(SolutionProperties) = preSolution
		HideSolutionNode = FALSE
	EndGlobalSection
	GlobalSection(ExtensibilityGlobals) = postSolution
		SolutionGuid = {24A63141-DB70-483A-8D8D-991DA1095DDD}
	EndGlobalSection
EndGlobal
