
Microsoft Visual Studio Solution File, Format Version 12.00
# Visual Studio Version 17
VisualStudioVersion = 17.7.34031.279
MinimumVisualStudioVersion = 10.0.40219.1
Project("{9A19103F-16F7-4668-BE54-9A1E7A4F7556}") = "01. Temple of Doom", "01. Temple of Doom\01. Temple of Doom.csproj", "{EB18450D-DCFE-4C30-937B-2F9F44D59E97}"
EndProject
Project("{9A19103F-16F7-4668-BE54-9A1E7A4F7556}") = "02. Mouse In The Kitchen", "02. Mouse In The Kitchen\02. Mouse In The Kitchen.csproj", "{339DCC9D-EC1B-4B76-A363-6AD27EB9B748}"
EndProject
Project("{9A19103F-16F7-4668-BE54-9A1E7A4F7556}") = "AutomotiveRepairShop", "03. Automotive Repair Shop\AutomotiveRepairShop.csproj", "{9C10D26E-42E9-4EAC-9A5D-F3A49EF82DC9}"
EndProject
Global
	GlobalSection(SolutionConfigurationPlatforms) = preSolution
		Debug|Any CPU = Debug|Any CPU
		Release|Any CPU = Release|Any CPU
	EndGlobalSection
	GlobalSection(ProjectConfigurationPlatforms) = postSolution
		{EB18450D-DCFE-4C30-937B-2F9F44D59E97}.Debug|Any CPU.ActiveCfg = Debug|Any CPU
		{EB18450D-DCFE-4C30-937B-2F9F44D59E97}.Debug|Any CPU.Build.0 = Debug|Any CPU
		{EB18450D-DCFE-4C30-937B-2F9F44D59E97}.Release|Any CPU.ActiveCfg = Release|Any CPU
		{EB18450D-DCFE-4C30-937B-2F9F44D59E97}.Release|Any CPU.Build.0 = Release|Any CPU
		{339DCC9D-EC1B-4B76-A363-6AD27EB9B748}.Debug|Any CPU.ActiveCfg = Debug|Any CPU
		{339DCC9D-EC1B-4B76-A363-6AD27EB9B748}.Debug|Any CPU.Build.0 = Debug|Any CPU
		{339DCC9D-EC1B-4B76-A363-6AD27EB9B748}.Release|Any CPU.ActiveCfg = Release|Any CPU
		{339DCC9D-EC1B-4B76-A363-6AD27EB9B748}.Release|Any CPU.Build.0 = Release|Any CPU
		{9C10D26E-42E9-4EAC-9A5D-F3A49EF82DC9}.Debug|Any CPU.ActiveCfg = Debug|Any CPU
		{9C10D26E-42E9-4EAC-9A5D-F3A49EF82DC9}.Debug|Any CPU.Build.0 = Debug|Any CPU
		{9C10D26E-42E9-4EAC-9A5D-F3A49EF82DC9}.Release|Any CPU.ActiveCfg = Release|Any CPU
		{9C10D26E-42E9-4EAC-9A5D-F3A49EF82DC9}.Release|Any CPU.Build.0 = Release|Any CPU
	EndGlobalSection
	GlobalSection(SolutionProperties) = preSolution
		HideSolutionNode = FALSE
	EndGlobalSection
	GlobalSection(ExtensibilityGlobals) = postSolution
		SolutionGuid = {F1846B15-FCF3-4DD5-A32E-1EDE45C7A8EC}
	EndGlobalSection
EndGlobal
