
Microsoft Visual Studio Solution File, Format Version 12.00
# Visual Studio Version 17
VisualStudioVersion = 17.7.34009.444
MinimumVisualStudioVersion = 10.0.40219.1
Project("{9A19103F-16F7-4668-BE54-9A1E7A4F7556}") = "1. Diagonal Difference", "1. Diagonal Difference\1. Diagonal Difference.csproj", "{B8B18BCA-DB37-4447-9496-59201C145411}"
EndProject
Project("{9A19103F-16F7-4668-BE54-9A1E7A4F7556}") = "2. Squares in Matrix", "2. Squares in Matrix\2. Squares in Matrix.csproj", "{CF09D930-12C2-4123-9773-5B29E06E0F86}"
EndProject
Project("{9A19103F-16F7-4668-BE54-9A1E7A4F7556}") = "3. Maximal Sum", "3. Maximal Sum\3. Maximal Sum.csproj", "{9FA4AC9E-3911-44C9-A38F-4B4573A8F2B5}"
EndProject
Project("{9A19103F-16F7-4668-BE54-9A1E7A4F7556}") = "4. Matrix Shuffling", "4. Matrix Shuffling\4. Matrix Shuffling.csproj", "{B2FCED3D-C224-48B3-A2B5-AF12953743EA}"
EndProject
Project("{9A19103F-16F7-4668-BE54-9A1E7A4F7556}") = "5. Snake Moves", "5. Snake Moves\5. Snake Moves.csproj", "{30DB0BC3-F6DC-4976-9B13-E03011F67FD2}"
EndProject
Project("{9A19103F-16F7-4668-BE54-9A1E7A4F7556}") = "5. Snake Moves - Exercise", "5. Snake Moves - Exercise\5. Snake Moves - Exercise.csproj", "{FF5982A0-819C-413B-B790-AD4E7241B835}"
EndProject
Project("{9A19103F-16F7-4668-BE54-9A1E7A4F7556}") = "6. Jagged Array Manipulator", "6. Jagged Array Manipulator\6. Jagged Array Manipulator.csproj", "{21D45594-CAAF-47C2-9B5B-9F9BC58ABF73}"
EndProject
Project("{9A19103F-16F7-4668-BE54-9A1E7A4F7556}") = "7. Knight Game", "7. Knight Game\7. Knight Game.csproj", "{5A9DBA47-982F-4A38-A132-CAEF00C82DC1}"
EndProject
Project("{9A19103F-16F7-4668-BE54-9A1E7A4F7556}") = "7. Knight Game - Exercise", "7. Knight Game - Exercise\7. Knight Game - Exercise.csproj", "{6CF06408-28A9-4BCD-8A99-5B6022F54185}"
EndProject
Project("{9A19103F-16F7-4668-BE54-9A1E7A4F7556}") = "8. Bombs", "8. Bombs\8. Bombs.csproj", "{0591B2C0-3BD6-43CA-9BAB-0369C3473A12}"
EndProject
Project("{9A19103F-16F7-4668-BE54-9A1E7A4F7556}") = "9. Miner", "9. Miner\9. Miner.csproj", "{AB7A4759-CFF4-4E76-8CEF-2DAAD11DFB61}"
EndProject
Project("{9A19103F-16F7-4668-BE54-9A1E7A4F7556}") = "010. Radioactive Mutant Vampire Bunnies", "10. Radioactive Mutant Vampire Bunnies\010. Radioactive Mutant Vampire Bunnies.csproj", "{8F96BD23-AE45-4A5B-AEFD-2F988B1EC2AB}"
EndProject
Project("{9A19103F-16F7-4668-BE54-9A1E7A4F7556}") = "010. Radioactive Bunnies - Exercise", "10. Radioactive Bunnies - Exercise\010. Radioactive Bunnies - Exercise.csproj", "{D498D3B4-F059-4D59-B7A2-A9E9CB6B09DE}"
EndProject
Project("{FAE04EC0-301F-11D3-BF4B-00C04F79EFBC}") = "11. Matrix of Palindromes", "11. Matrix of Palindromes\11. Matrix of Palindromes.csproj", "{FF145010-AB32-458B-B9AB-C0E0A5A634DD}"
EndProject
Global
	GlobalSection(SolutionConfigurationPlatforms) = preSolution
		Debug|Any CPU = Debug|Any CPU
		Release|Any CPU = Release|Any CPU
	EndGlobalSection
	GlobalSection(ProjectConfigurationPlatforms) = postSolution
		{B8B18BCA-DB37-4447-9496-59201C145411}.Debug|Any CPU.ActiveCfg = Debug|Any CPU
		{B8B18BCA-DB37-4447-9496-59201C145411}.Debug|Any CPU.Build.0 = Debug|Any CPU
		{B8B18BCA-DB37-4447-9496-59201C145411}.Release|Any CPU.ActiveCfg = Release|Any CPU
		{B8B18BCA-DB37-4447-9496-59201C145411}.Release|Any CPU.Build.0 = Release|Any CPU
		{CF09D930-12C2-4123-9773-5B29E06E0F86}.Debug|Any CPU.ActiveCfg = Debug|Any CPU
		{CF09D930-12C2-4123-9773-5B29E06E0F86}.Debug|Any CPU.Build.0 = Debug|Any CPU
		{CF09D930-12C2-4123-9773-5B29E06E0F86}.Release|Any CPU.ActiveCfg = Release|Any CPU
		{CF09D930-12C2-4123-9773-5B29E06E0F86}.Release|Any CPU.Build.0 = Release|Any CPU
		{9FA4AC9E-3911-44C9-A38F-4B4573A8F2B5}.Debug|Any CPU.ActiveCfg = Debug|Any CPU
		{9FA4AC9E-3911-44C9-A38F-4B4573A8F2B5}.Debug|Any CPU.Build.0 = Debug|Any CPU
		{9FA4AC9E-3911-44C9-A38F-4B4573A8F2B5}.Release|Any CPU.ActiveCfg = Release|Any CPU
		{9FA4AC9E-3911-44C9-A38F-4B4573A8F2B5}.Release|Any CPU.Build.0 = Release|Any CPU
		{B2FCED3D-C224-48B3-A2B5-AF12953743EA}.Debug|Any CPU.ActiveCfg = Debug|Any CPU
		{B2FCED3D-C224-48B3-A2B5-AF12953743EA}.Debug|Any CPU.Build.0 = Debug|Any CPU
		{B2FCED3D-C224-48B3-A2B5-AF12953743EA}.Release|Any CPU.ActiveCfg = Release|Any CPU
		{B2FCED3D-C224-48B3-A2B5-AF12953743EA}.Release|Any CPU.Build.0 = Release|Any CPU
		{30DB0BC3-F6DC-4976-9B13-E03011F67FD2}.Debug|Any CPU.ActiveCfg = Debug|Any CPU
		{30DB0BC3-F6DC-4976-9B13-E03011F67FD2}.Debug|Any CPU.Build.0 = Debug|Any CPU
		{30DB0BC3-F6DC-4976-9B13-E03011F67FD2}.Release|Any CPU.ActiveCfg = Release|Any CPU
		{30DB0BC3-F6DC-4976-9B13-E03011F67FD2}.Release|Any CPU.Build.0 = Release|Any CPU
		{FF5982A0-819C-413B-B790-AD4E7241B835}.Debug|Any CPU.ActiveCfg = Debug|Any CPU
		{FF5982A0-819C-413B-B790-AD4E7241B835}.Debug|Any CPU.Build.0 = Debug|Any CPU
		{FF5982A0-819C-413B-B790-AD4E7241B835}.Release|Any CPU.ActiveCfg = Release|Any CPU
		{FF5982A0-819C-413B-B790-AD4E7241B835}.Release|Any CPU.Build.0 = Release|Any CPU
		{21D45594-CAAF-47C2-9B5B-9F9BC58ABF73}.Debug|Any CPU.ActiveCfg = Debug|Any CPU
		{21D45594-CAAF-47C2-9B5B-9F9BC58ABF73}.Debug|Any CPU.Build.0 = Debug|Any CPU
		{21D45594-CAAF-47C2-9B5B-9F9BC58ABF73}.Release|Any CPU.ActiveCfg = Release|Any CPU
		{21D45594-CAAF-47C2-9B5B-9F9BC58ABF73}.Release|Any CPU.Build.0 = Release|Any CPU
		{5A9DBA47-982F-4A38-A132-CAEF00C82DC1}.Debug|Any CPU.ActiveCfg = Debug|Any CPU
		{5A9DBA47-982F-4A38-A132-CAEF00C82DC1}.Debug|Any CPU.Build.0 = Debug|Any CPU
		{5A9DBA47-982F-4A38-A132-CAEF00C82DC1}.Release|Any CPU.ActiveCfg = Release|Any CPU
		{5A9DBA47-982F-4A38-A132-CAEF00C82DC1}.Release|Any CPU.Build.0 = Release|Any CPU
		{6CF06408-28A9-4BCD-8A99-5B6022F54185}.Debug|Any CPU.ActiveCfg = Debug|Any CPU
		{6CF06408-28A9-4BCD-8A99-5B6022F54185}.Debug|Any CPU.Build.0 = Debug|Any CPU
		{6CF06408-28A9-4BCD-8A99-5B6022F54185}.Release|Any CPU.ActiveCfg = Release|Any CPU
		{6CF06408-28A9-4BCD-8A99-5B6022F54185}.Release|Any CPU.Build.0 = Release|Any CPU
		{0591B2C0-3BD6-43CA-9BAB-0369C3473A12}.Debug|Any CPU.ActiveCfg = Debug|Any CPU
		{0591B2C0-3BD6-43CA-9BAB-0369C3473A12}.Debug|Any CPU.Build.0 = Debug|Any CPU
		{0591B2C0-3BD6-43CA-9BAB-0369C3473A12}.Release|Any CPU.ActiveCfg = Release|Any CPU
		{0591B2C0-3BD6-43CA-9BAB-0369C3473A12}.Release|Any CPU.Build.0 = Release|Any CPU
		{AB7A4759-CFF4-4E76-8CEF-2DAAD11DFB61}.Debug|Any CPU.ActiveCfg = Debug|Any CPU
		{AB7A4759-CFF4-4E76-8CEF-2DAAD11DFB61}.Debug|Any CPU.Build.0 = Debug|Any CPU
		{AB7A4759-CFF4-4E76-8CEF-2DAAD11DFB61}.Release|Any CPU.ActiveCfg = Release|Any CPU
		{AB7A4759-CFF4-4E76-8CEF-2DAAD11DFB61}.Release|Any CPU.Build.0 = Release|Any CPU
		{8F96BD23-AE45-4A5B-AEFD-2F988B1EC2AB}.Debug|Any CPU.ActiveCfg = Debug|Any CPU
		{8F96BD23-AE45-4A5B-AEFD-2F988B1EC2AB}.Debug|Any CPU.Build.0 = Debug|Any CPU
		{8F96BD23-AE45-4A5B-AEFD-2F988B1EC2AB}.Release|Any CPU.ActiveCfg = Release|Any CPU
		{8F96BD23-AE45-4A5B-AEFD-2F988B1EC2AB}.Release|Any CPU.Build.0 = Release|Any CPU
		{D498D3B4-F059-4D59-B7A2-A9E9CB6B09DE}.Debug|Any CPU.ActiveCfg = Debug|Any CPU
		{D498D3B4-F059-4D59-B7A2-A9E9CB6B09DE}.Debug|Any CPU.Build.0 = Debug|Any CPU
		{D498D3B4-F059-4D59-B7A2-A9E9CB6B09DE}.Release|Any CPU.ActiveCfg = Release|Any CPU
		{D498D3B4-F059-4D59-B7A2-A9E9CB6B09DE}.Release|Any CPU.Build.0 = Release|Any CPU
		{FF145010-AB32-458B-B9AB-C0E0A5A634DD}.Debug|Any CPU.ActiveCfg = Debug|Any CPU
		{FF145010-AB32-458B-B9AB-C0E0A5A634DD}.Debug|Any CPU.Build.0 = Debug|Any CPU
		{FF145010-AB32-458B-B9AB-C0E0A5A634DD}.Release|Any CPU.ActiveCfg = Release|Any CPU
		{FF145010-AB32-458B-B9AB-C0E0A5A634DD}.Release|Any CPU.Build.0 = Release|Any CPU
	EndGlobalSection
	GlobalSection(SolutionProperties) = preSolution
		HideSolutionNode = FALSE
	EndGlobalSection
	GlobalSection(ExtensibilityGlobals) = postSolution
		SolutionGuid = {0E87431A-41CF-4B1E-A9BE-66D2BDF11457}
	EndGlobalSection
EndGlobal
