
Microsoft Visual Studio Solution File, Format Version 12.00
# Visual Studio Version 17
VisualStudioVersion = 17.7.34009.444
MinimumVisualStudioVersion = 10.0.40219.1
Project("{9A19103F-16F7-4668-BE54-9A1E7A4F7556}") = "01. Odd Lines", "01. Odd Lines\01. Odd Lines.csproj", "{00DFB3F7-DA2D-493B-A1CA-2ED44D5FAC94}"
EndProject
Project("{9A19103F-16F7-4668-BE54-9A1E7A4F7556}") = "02. Line Numbers", "02. Line Numbers\02. Line Numbers.csproj", "{8963D6E0-9F40-4352-A411-3C3F56888421}"
EndProject
Project("{FAE04EC0-301F-11D3-BF4B-00C04F79EFBC}") = "03. Word Count", "03. Word Count\03. Word Count.csproj", "{C91FC45F-464B-42AA-A1F6-A2F7B250DF06}"
EndProject
Global
	GlobalSection(SolutionConfigurationPlatforms) = preSolution
		Debug|Any CPU = Debug|Any CPU
		Release|Any CPU = Release|Any CPU
	EndGlobalSection
	GlobalSection(ProjectConfigurationPlatforms) = postSolution
		{00DFB3F7-DA2D-493B-A1CA-2ED44D5FAC94}.Debug|Any CPU.ActiveCfg = Debug|Any CPU
		{00DFB3F7-DA2D-493B-A1CA-2ED44D5FAC94}.Debug|Any CPU.Build.0 = Debug|Any CPU
		{00DFB3F7-DA2D-493B-A1CA-2ED44D5FAC94}.Release|Any CPU.ActiveCfg = Release|Any CPU
		{00DFB3F7-DA2D-493B-A1CA-2ED44D5FAC94}.Release|Any CPU.Build.0 = Release|Any CPU
		{8963D6E0-9F40-4352-A411-3C3F56888421}.Debug|Any CPU.ActiveCfg = Debug|Any CPU
		{8963D6E0-9F40-4352-A411-3C3F56888421}.Debug|Any CPU.Build.0 = Debug|Any CPU
		{8963D6E0-9F40-4352-A411-3C3F56888421}.Release|Any CPU.ActiveCfg = Release|Any CPU
		{8963D6E0-9F40-4352-A411-3C3F56888421}.Release|Any CPU.Build.0 = Release|Any CPU
		{C91FC45F-464B-42AA-A1F6-A2F7B250DF06}.Debug|Any CPU.ActiveCfg = Debug|Any CPU
		{C91FC45F-464B-42AA-A1F6-A2F7B250DF06}.Debug|Any CPU.Build.0 = Debug|Any CPU
		{C91FC45F-464B-42AA-A1F6-A2F7B250DF06}.Release|Any CPU.ActiveCfg = Release|Any CPU
		{C91FC45F-464B-42AA-A1F6-A2F7B250DF06}.Release|Any CPU.Build.0 = Release|Any CPU
	EndGlobalSection
	GlobalSection(SolutionProperties) = preSolution
		HideSolutionNode = FALSE
	EndGlobalSection
	GlobalSection(ExtensibilityGlobals) = postSolution
		SolutionGuid = {AF4E469A-CA37-4C42-9E5C-5180C81B5272}
	EndGlobalSection
EndGlobal
