
Microsoft Visual Studio Solution File, Format Version 12.00
# Visual Studio Version 17
VisualStudioVersion = 17.7.34031.279
MinimumVisualStudioVersion = 10.0.40219.1
Project("{FAE04EC0-301F-11D3-BF4B-00C04F79EFBC}") = "01. ListyIterator", "01. ListyIterator\01. ListyIterator.csproj", "{E78E57C0-ECBF-41A3-8965-D05CB19929D8}"
EndProject
Global
	GlobalSection(SolutionConfigurationPlatforms) = preSolution
		Debug|Any CPU = Debug|Any CPU
		Release|Any CPU = Release|Any CPU
	EndGlobalSection
	GlobalSection(ProjectConfigurationPlatforms) = postSolution
		{E78E57C0-ECBF-41A3-8965-D05CB19929D8}.Debug|Any CPU.ActiveCfg = Debug|Any CPU
		{E78E57C0-ECBF-41A3-8965-D05CB19929D8}.Debug|Any CPU.Build.0 = Debug|Any CPU
		{E78E57C0-ECBF-41A3-8965-D05CB19929D8}.Release|Any CPU.ActiveCfg = Release|Any CPU
		{E78E57C0-ECBF-41A3-8965-D05CB19929D8}.Release|Any CPU.Build.0 = Release|Any CPU
	EndGlobalSection
	GlobalSection(SolutionProperties) = preSolution
		HideSolutionNode = FALSE
	EndGlobalSection
	GlobalSection(ExtensibilityGlobals) = postSolution
		SolutionGuid = {FDAE2C16-9AB7-4DDE-959C-348A9CEC8BF4}
	EndGlobalSection
EndGlobal
