
Microsoft Visual Studio Solution File, Format Version 12.00
# Visual Studio Version 17
VisualStudioVersion = 17.7.34009.444
MinimumVisualStudioVersion = 10.0.40219.1
Project("{9A19103F-16F7-4668-BE54-9A1E7A4F7556}") = "01. Count Same Values in Array", "01. Count Same Values in Array\01. Count Same Values in Array.csproj", "{34F9B5FC-7BC8-4E72-B400-016EEA089910}"
EndProject
Project("{9A19103F-16F7-4668-BE54-9A1E7A4F7556}") = "02. Average Student Grades", "02. Average Student Grades\02. Average Student Grades.csproj", "{53183F66-6EA0-49AD-B581-D5A70A5CC359}"
EndProject
Project("{9A19103F-16F7-4668-BE54-9A1E7A4F7556}") = "03. Largest 3 Numbers", "03. Largest 3 Numbers\03. Largest 3 Numbers.csproj", "{3409CB46-B1E7-401A-B0D8-C2F18CF987D9}"
EndProject
Project("{9A19103F-16F7-4668-BE54-9A1E7A4F7556}") = "04. Product Shop", "04. Product Shop\04. Product Shop.csproj", "{59083879-687F-40CD-9CFB-F662900EA3B8}"
EndProject
Project("{FAE04EC0-301F-11D3-BF4B-00C04F79EFBC}") = "05. Cities by Continent and Country", "05. Cities by Continent and Country\05. Cities by Continent and Country.csproj", "{3382E45E-4B6C-42BB-AD99-FF3A519A9A72}"
EndProject
Project("{FAE04EC0-301F-11D3-BF4B-00C04F79EFBC}") = "06. Record Unique Names", "06. Record Unique Names\06. Record Unique Names.csproj", "{C646D118-4E57-4FD1-A22A-87D0373DC6EF}"
EndProject
Project("{FAE04EC0-301F-11D3-BF4B-00C04F79EFBC}") = "07. Parking Lot", "07. Parking Lot\07. Parking Lot.csproj", "{CC5028B8-AFCB-4ADA-8C3C-CB2EB9849958}"
EndProject
Project("{FAE04EC0-301F-11D3-BF4B-00C04F79EFBC}") = "08. SoftUni Party", "08. SoftUni Party\08. SoftUni Party.csproj", "{2BF23F2C-9CC3-46CC-88FD-AB5C913884AD}"
EndProject
Global
	GlobalSection(SolutionConfigurationPlatforms) = preSolution
		Debug|Any CPU = Debug|Any CPU
		Release|Any CPU = Release|Any CPU
	EndGlobalSection
	GlobalSection(ProjectConfigurationPlatforms) = postSolution
		{34F9B5FC-7BC8-4E72-B400-016EEA089910}.Debug|Any CPU.ActiveCfg = Debug|Any CPU
		{34F9B5FC-7BC8-4E72-B400-016EEA089910}.Debug|Any CPU.Build.0 = Debug|Any CPU
		{34F9B5FC-7BC8-4E72-B400-016EEA089910}.Release|Any CPU.ActiveCfg = Release|Any CPU
		{34F9B5FC-7BC8-4E72-B400-016EEA089910}.Release|Any CPU.Build.0 = Release|Any CPU
		{53183F66-6EA0-49AD-B581-D5A70A5CC359}.Debug|Any CPU.ActiveCfg = Debug|Any CPU
		{53183F66-6EA0-49AD-B581-D5A70A5CC359}.Debug|Any CPU.Build.0 = Debug|Any CPU
		{53183F66-6EA0-49AD-B581-D5A70A5CC359}.Release|Any CPU.ActiveCfg = Release|Any CPU
		{53183F66-6EA0-49AD-B581-D5A70A5CC359}.Release|Any CPU.Build.0 = Release|Any CPU
		{3409CB46-B1E7-401A-B0D8-C2F18CF987D9}.Debug|Any CPU.ActiveCfg = Debug|Any CPU
		{3409CB46-B1E7-401A-B0D8-C2F18CF987D9}.Debug|Any CPU.Build.0 = Debug|Any CPU
		{3409CB46-B1E7-401A-B0D8-C2F18CF987D9}.Release|Any CPU.ActiveCfg = Release|Any CPU
		{3409CB46-B1E7-401A-B0D8-C2F18CF987D9}.Release|Any CPU.Build.0 = Release|Any CPU
		{59083879-687F-40CD-9CFB-F662900EA3B8}.Debug|Any CPU.ActiveCfg = Debug|Any CPU
		{59083879-687F-40CD-9CFB-F662900EA3B8}.Debug|Any CPU.Build.0 = Debug|Any CPU
		{59083879-687F-40CD-9CFB-F662900EA3B8}.Release|Any CPU.ActiveCfg = Release|Any CPU
		{59083879-687F-40CD-9CFB-F662900EA3B8}.Release|Any CPU.Build.0 = Release|Any CPU
		{3382E45E-4B6C-42BB-AD99-FF3A519A9A72}.Debug|Any CPU.ActiveCfg = Debug|Any CPU
		{3382E45E-4B6C-42BB-AD99-FF3A519A9A72}.Debug|Any CPU.Build.0 = Debug|Any CPU
		{3382E45E-4B6C-42BB-AD99-FF3A519A9A72}.Release|Any CPU.ActiveCfg = Release|Any CPU
		{3382E45E-4B6C-42BB-AD99-FF3A519A9A72}.Release|Any CPU.Build.0 = Release|Any CPU
		{C646D118-4E57-4FD1-A22A-87D0373DC6EF}.Debug|Any CPU.ActiveCfg = Debug|Any CPU
		{C646D118-4E57-4FD1-A22A-87D0373DC6EF}.Debug|Any CPU.Build.0 = Debug|Any CPU
		{C646D118-4E57-4FD1-A22A-87D0373DC6EF}.Release|Any CPU.ActiveCfg = Release|Any CPU
		{C646D118-4E57-4FD1-A22A-87D0373DC6EF}.Release|Any CPU.Build.0 = Release|Any CPU
		{CC5028B8-AFCB-4ADA-8C3C-CB2EB9849958}.Debug|Any CPU.ActiveCfg = Debug|Any CPU
		{CC5028B8-AFCB-4ADA-8C3C-CB2EB9849958}.Debug|Any CPU.Build.0 = Debug|Any CPU
		{CC5028B8-AFCB-4ADA-8C3C-CB2EB9849958}.Release|Any CPU.ActiveCfg = Release|Any CPU
		{CC5028B8-AFCB-4ADA-8C3C-CB2EB9849958}.Release|Any CPU.Build.0 = Release|Any CPU
		{2BF23F2C-9CC3-46CC-88FD-AB5C913884AD}.Debug|Any CPU.ActiveCfg = Debug|Any CPU
		{2BF23F2C-9CC3-46CC-88FD-AB5C913884AD}.Debug|Any CPU.Build.0 = Debug|Any CPU
		{2BF23F2C-9CC3-46CC-88FD-AB5C913884AD}.Release|Any CPU.ActiveCfg = Release|Any CPU
		{2BF23F2C-9CC3-46CC-88FD-AB5C913884AD}.Release|Any CPU.Build.0 = Release|Any CPU
	EndGlobalSection
	GlobalSection(SolutionProperties) = preSolution
		HideSolutionNode = FALSE
	EndGlobalSection
	GlobalSection(ExtensibilityGlobals) = postSolution
		SolutionGuid = {3C11CBC1-7E2F-4953-8309-EB9D0D0EB2CD}
	EndGlobalSection
EndGlobal
