
Microsoft Visual Studio Solution File, Format Version 12.00
# Visual Studio Version 17
VisualStudioVersion = 17.7.34031.279
MinimumVisualStudioVersion = 10.0.40219.1
Project("{FAE04EC0-301F-11D3-BF4B-00C04F79EFBC}") = "BoxOfT", "01. Box\BoxOfT.csproj", "{AA7F2074-B232-4B41-B005-DA33B0A73BBA}"
EndProject
Project("{FAE04EC0-301F-11D3-BF4B-00C04F79EFBC}") = "02. Array Creator", "02. Array Creator\02. Array Creator.csproj", "{5EF3AA53-669D-478C-9377-8EBDB9C0DB69}"
EndProject
Global
	GlobalSection(SolutionConfigurationPlatforms) = preSolution
		Debug|Any CPU = Debug|Any CPU
		Release|Any CPU = Release|Any CPU
	EndGlobalSection
	GlobalSection(ProjectConfigurationPlatforms) = postSolution
		{AA7F2074-B232-4B41-B005-DA33B0A73BBA}.Debug|Any CPU.ActiveCfg = Debug|Any CPU
		{AA7F2074-B232-4B41-B005-DA33B0A73BBA}.Debug|Any CPU.Build.0 = Debug|Any CPU
		{AA7F2074-B232-4B41-B005-DA33B0A73BBA}.Release|Any CPU.ActiveCfg = Release|Any CPU
		{AA7F2074-B232-4B41-B005-DA33B0A73BBA}.Release|Any CPU.Build.0 = Release|Any CPU
		{5EF3AA53-669D-478C-9377-8EBDB9C0DB69}.Debug|Any CPU.ActiveCfg = Debug|Any CPU
		{5EF3AA53-669D-478C-9377-8EBDB9C0DB69}.Debug|Any CPU.Build.0 = Debug|Any CPU
		{5EF3AA53-669D-478C-9377-8EBDB9C0DB69}.Release|Any CPU.ActiveCfg = Release|Any CPU
		{5EF3AA53-669D-478C-9377-8EBDB9C0DB69}.Release|Any CPU.Build.0 = Release|Any CPU
	EndGlobalSection
	GlobalSection(SolutionProperties) = preSolution
		HideSolutionNode = FALSE
	EndGlobalSection
	GlobalSection(ExtensibilityGlobals) = postSolution
		SolutionGuid = {AC12CE70-EC70-484A-A9A4-4078656C8006}
	EndGlobalSection
EndGlobal
