
Microsoft Visual Studio Solution File, Format Version 12.00
# Visual Studio Version 17
VisualStudioVersion = 17.6.33829.357
MinimumVisualStudioVersion = 10.0.40219.1
Project("{9A19103F-16F7-4668-BE54-9A1E7A4F7556}") = "01. Basic Stack Operations", "01. Basic Stack Operations\01. Basic Stack Operations.csproj", "{A3FB0F2A-5B15-48A0-B8F7-711791C9D7AF}"
EndProject
Project("{9A19103F-16F7-4668-BE54-9A1E7A4F7556}") = "02. Basic Queue Operations", "02. Basic Queue Operations\02. Basic Queue Operations.csproj", "{993F5D04-2BB9-4D37-B16B-8E5B553D759E}"
EndProject
Project("{9A19103F-16F7-4668-BE54-9A1E7A4F7556}") = "03. Maximum and Minimum Element", "03. Maximum and Minimum Element\03. Maximum and Minimum Element.csproj", "{62E6E4DC-4334-47EC-A60A-6D84F05DCE72}"
EndProject
Project("{9A19103F-16F7-4668-BE54-9A1E7A4F7556}") = "demo", "demo\demo.csproj", "{542025DF-1A08-49D1-834E-A6DDE2B7D435}"
EndProject
Project("{9A19103F-16F7-4668-BE54-9A1E7A4F7556}") = "04. Fast Food", "04. Fast Food\04. Fast Food.csproj", "{980603D2-2D94-435D-9F30-8D1B26547C88}"
EndProject
Project("{9A19103F-16F7-4668-BE54-9A1E7A4F7556}") = "05. Fashion Boutique", "05. Fashion Boutique\05. Fashion Boutique.csproj", "{63D7754F-4C5A-4ADC-877E-8B0456401976}"
EndProject
Project("{9A19103F-16F7-4668-BE54-9A1E7A4F7556}") = "06. Songs Queue", "06. Songs Queue\06. Songs Queue.csproj", "{84387F77-74D5-4EDF-8B43-58B6C80F782E}"
EndProject
Project("{9A19103F-16F7-4668-BE54-9A1E7A4F7556}") = "07. Truck Tour", "07. Truck Tour\07. Truck Tour.csproj", "{7B81B422-BCEF-4828-9D20-90F1EF8E6D1B}"
EndProject
Project("{9A19103F-16F7-4668-BE54-9A1E7A4F7556}") = "08. Balanced Parenthesis", "08. Balanced Parenthesis\08. Balanced Parenthesis.csproj", "{19940438-A556-48C0-8D90-1B7C61C7A856}"
EndProject
Project("{9A19103F-16F7-4668-BE54-9A1E7A4F7556}") = "07. Truck Tour - Exercise", "07. Truck Tour - Exercise\07. Truck Tour - Exercise.csproj", "{CEB369AA-796E-4FDF-9CD5-A227E78D51ED}"
EndProject
Project("{9A19103F-16F7-4668-BE54-9A1E7A4F7556}") = "09. Simple Text Editor", "09. Simple Text Editor\09. Simple Text Editor.csproj", "{C0699F24-65C9-435A-A25C-F5C675027241}"
EndProject
Project("{9A19103F-16F7-4668-BE54-9A1E7A4F7556}") = "10. Crossroads", "10. Crossroads\10. Crossroads.csproj", "{C983EB0C-65CD-450C-863F-C4D5BF427BE7}"
EndProject
Project("{9A19103F-16F7-4668-BE54-9A1E7A4F7556}") = "10. Crossroads - Exercise", "10. Crossroads - Exercise\10. Crossroads - Exercise.csproj", "{6F0A7AD4-F7D9-4FD6-842E-FCD3D982B229}"
EndProject
Project("{9A19103F-16F7-4668-BE54-9A1E7A4F7556}") = "11. Key Revolver - Exercise", "11. Key Revolver - Exercise\11. Key Revolver - Exercise.csproj", "{E65F01E6-2663-45D9-A260-CDF3C5C6A009}"
EndProject
Project("{9A19103F-16F7-4668-BE54-9A1E7A4F7556}") = "12. Cups and Bottles", "12. Cups and Bottles\12. Cups and Bottles.csproj", "{2AFF46F1-925E-4359-AABB-F2535456BD9D}"
EndProject
Global
	GlobalSection(SolutionConfigurationPlatforms) = preSolution
		Debug|Any CPU = Debug|Any CPU
		Release|Any CPU = Release|Any CPU
	EndGlobalSection
	GlobalSection(ProjectConfigurationPlatforms) = postSolution
		{A3FB0F2A-5B15-48A0-B8F7-711791C9D7AF}.Debug|Any CPU.ActiveCfg = Debug|Any CPU
		{A3FB0F2A-5B15-48A0-B8F7-711791C9D7AF}.Debug|Any CPU.Build.0 = Debug|Any CPU
		{A3FB0F2A-5B15-48A0-B8F7-711791C9D7AF}.Release|Any CPU.ActiveCfg = Release|Any CPU
		{A3FB0F2A-5B15-48A0-B8F7-711791C9D7AF}.Release|Any CPU.Build.0 = Release|Any CPU
		{993F5D04-2BB9-4D37-B16B-8E5B553D759E}.Debug|Any CPU.ActiveCfg = Debug|Any CPU
		{993F5D04-2BB9-4D37-B16B-8E5B553D759E}.Debug|Any CPU.Build.0 = Debug|Any CPU
		{993F5D04-2BB9-4D37-B16B-8E5B553D759E}.Release|Any CPU.ActiveCfg = Release|Any CPU
		{993F5D04-2BB9-4D37-B16B-8E5B553D759E}.Release|Any CPU.Build.0 = Release|Any CPU
		{62E6E4DC-4334-47EC-A60A-6D84F05DCE72}.Debug|Any CPU.ActiveCfg = Debug|Any CPU
		{62E6E4DC-4334-47EC-A60A-6D84F05DCE72}.Debug|Any CPU.Build.0 = Debug|Any CPU
		{62E6E4DC-4334-47EC-A60A-6D84F05DCE72}.Release|Any CPU.ActiveCfg = Release|Any CPU
		{62E6E4DC-4334-47EC-A60A-6D84F05DCE72}.Release|Any CPU.Build.0 = Release|Any CPU
		{542025DF-1A08-49D1-834E-A6DDE2B7D435}.Debug|Any CPU.ActiveCfg = Debug|Any CPU
		{542025DF-1A08-49D1-834E-A6DDE2B7D435}.Debug|Any CPU.Build.0 = Debug|Any CPU
		{542025DF-1A08-49D1-834E-A6DDE2B7D435}.Release|Any CPU.ActiveCfg = Release|Any CPU
		{542025DF-1A08-49D1-834E-A6DDE2B7D435}.Release|Any CPU.Build.0 = Release|Any CPU
		{980603D2-2D94-435D-9F30-8D1B26547C88}.Debug|Any CPU.ActiveCfg = Debug|Any CPU
		{980603D2-2D94-435D-9F30-8D1B26547C88}.Debug|Any CPU.Build.0 = Debug|Any CPU
		{980603D2-2D94-435D-9F30-8D1B26547C88}.Release|Any CPU.ActiveCfg = Release|Any CPU
		{980603D2-2D94-435D-9F30-8D1B26547C88}.Release|Any CPU.Build.0 = Release|Any CPU
		{63D7754F-4C5A-4ADC-877E-8B0456401976}.Debug|Any CPU.ActiveCfg = Debug|Any CPU
		{63D7754F-4C5A-4ADC-877E-8B0456401976}.Debug|Any CPU.Build.0 = Debug|Any CPU
		{63D7754F-4C5A-4ADC-877E-8B0456401976}.Release|Any CPU.ActiveCfg = Release|Any CPU
		{63D7754F-4C5A-4ADC-877E-8B0456401976}.Release|Any CPU.Build.0 = Release|Any CPU
		{84387F77-74D5-4EDF-8B43-58B6C80F782E}.Debug|Any CPU.ActiveCfg = Debug|Any CPU
		{84387F77-74D5-4EDF-8B43-58B6C80F782E}.Debug|Any CPU.Build.0 = Debug|Any CPU
		{84387F77-74D5-4EDF-8B43-58B6C80F782E}.Release|Any CPU.ActiveCfg = Release|Any CPU
		{84387F77-74D5-4EDF-8B43-58B6C80F782E}.Release|Any CPU.Build.0 = Release|Any CPU
		{7B81B422-BCEF-4828-9D20-90F1EF8E6D1B}.Debug|Any CPU.ActiveCfg = Debug|Any CPU
		{7B81B422-BCEF-4828-9D20-90F1EF8E6D1B}.Debug|Any CPU.Build.0 = Debug|Any CPU
		{7B81B422-BCEF-4828-9D20-90F1EF8E6D1B}.Release|Any CPU.ActiveCfg = Release|Any CPU
		{7B81B422-BCEF-4828-9D20-90F1EF8E6D1B}.Release|Any CPU.Build.0 = Release|Any CPU
		{19940438-A556-48C0-8D90-1B7C61C7A856}.Debug|Any CPU.ActiveCfg = Debug|Any CPU
		{19940438-A556-48C0-8D90-1B7C61C7A856}.Debug|Any CPU.Build.0 = Debug|Any CPU
		{19940438-A556-48C0-8D90-1B7C61C7A856}.Release|Any CPU.ActiveCfg = Release|Any CPU
		{19940438-A556-48C0-8D90-1B7C61C7A856}.Release|Any CPU.Build.0 = Release|Any CPU
		{CEB369AA-796E-4FDF-9CD5-A227E78D51ED}.Debug|Any CPU.ActiveCfg = Debug|Any CPU
		{CEB369AA-796E-4FDF-9CD5-A227E78D51ED}.Debug|Any CPU.Build.0 = Debug|Any CPU
		{CEB369AA-796E-4FDF-9CD5-A227E78D51ED}.Release|Any CPU.ActiveCfg = Release|Any CPU
		{CEB369AA-796E-4FDF-9CD5-A227E78D51ED}.Release|Any CPU.Build.0 = Release|Any CPU
		{C0699F24-65C9-435A-A25C-F5C675027241}.Debug|Any CPU.ActiveCfg = Debug|Any CPU
		{C0699F24-65C9-435A-A25C-F5C675027241}.Debug|Any CPU.Build.0 = Debug|Any CPU
		{C0699F24-65C9-435A-A25C-F5C675027241}.Release|Any CPU.ActiveCfg = Release|Any CPU
		{C0699F24-65C9-435A-A25C-F5C675027241}.Release|Any CPU.Build.0 = Release|Any CPU
		{C983EB0C-65CD-450C-863F-C4D5BF427BE7}.Debug|Any CPU.ActiveCfg = Debug|Any CPU
		{C983EB0C-65CD-450C-863F-C4D5BF427BE7}.Debug|Any CPU.Build.0 = Debug|Any CPU
		{C983EB0C-65CD-450C-863F-C4D5BF427BE7}.Release|Any CPU.ActiveCfg = Release|Any CPU
		{C983EB0C-65CD-450C-863F-C4D5BF427BE7}.Release|Any CPU.Build.0 = Release|Any CPU
		{6F0A7AD4-F7D9-4FD6-842E-FCD3D982B229}.Debug|Any CPU.ActiveCfg = Debug|Any CPU
		{6F0A7AD4-F7D9-4FD6-842E-FCD3D982B229}.Debug|Any CPU.Build.0 = Debug|Any CPU
		{6F0A7AD4-F7D9-4FD6-842E-FCD3D982B229}.Release|Any CPU.ActiveCfg = Release|Any CPU
		{6F0A7AD4-F7D9-4FD6-842E-FCD3D982B229}.Release|Any CPU.Build.0 = Release|Any CPU
		{E65F01E6-2663-45D9-A260-CDF3C5C6A009}.Debug|Any CPU.ActiveCfg = Debug|Any CPU
		{E65F01E6-2663-45D9-A260-CDF3C5C6A009}.Debug|Any CPU.Build.0 = Debug|Any CPU
		{E65F01E6-2663-45D9-A260-CDF3C5C6A009}.Release|Any CPU.ActiveCfg = Release|Any CPU
		{E65F01E6-2663-45D9-A260-CDF3C5C6A009}.Release|Any CPU.Build.0 = Release|Any CPU
		{2AFF46F1-925E-4359-AABB-F2535456BD9D}.Debug|Any CPU.ActiveCfg = Debug|Any CPU
		{2AFF46F1-925E-4359-AABB-F2535456BD9D}.Debug|Any CPU.Build.0 = Debug|Any CPU
		{2AFF46F1-925E-4359-AABB-F2535456BD9D}.Release|Any CPU.ActiveCfg = Release|Any CPU
		{2AFF46F1-925E-4359-AABB-F2535456BD9D}.Release|Any CPU.Build.0 = Release|Any CPU
	EndGlobalSection
	GlobalSection(SolutionProperties) = preSolution
		HideSolutionNode = FALSE
	EndGlobalSection
	GlobalSection(ExtensibilityGlobals) = postSolution
		SolutionGuid = {3673F326-1E88-4C00-B306-3B6753C45034}
	EndGlobalSection
EndGlobal
